{
  "name": "os2d",
  "version": "0.1.2",
  "lockfileVersion": 1,
  "requires": true,
  "dependencies": {
    "planck-js": {
      "version": "0.1.44",
      "resolved": "https://registry.npmjs.org/planck-js/-/planck-js-0.1.44.tgz",
      "integrity": "sha512-9OWt2hhrMexDH3+mCicg1KARfCaUblA3Nq7quTGMWu3LTkOn5VvL0yk8VbFNaicSuB7QDU0YFmmVqhZUuJ/M+g=="
    }
  }
}
